
Microsoft Visual Studio Solution File, Format Version 12.00
Project("{FAE04EC0-301F-11D3-BF4B-00C04F79EFBC}") = "ResiliencyPatterns.SpinningWheels.Api", "ResiliencyPatterns.SpinningWheels.Api\ResiliencyPatterns.SpinningWheels.Api.csproj", "{4216C4C4-40C3-48EC-BE36-09B90AC661C5}"
EndProject
Project("{FAE04EC0-301F-11D3-BF4B-00C04F79EFBC}") = "ResiliencyPattern.External.Wallet.Api", "ResiliencyPattern.External.Wallet.Api\ResiliencyPattern.External.Wallet.Api.csproj", "{36A8F81A-33F9-4BC3-A5C1-40E9E123AC45}"
EndProject
Project("{2150E333-8FDC-42A3-9474-1A3956D46DE8}") = "ExternalApis", "ExternalApis", "{E1D4D1C0-8E43-4060-98B1-1B3BD3845460}"
EndProject
Global
	GlobalSection(SolutionConfigurationPlatforms) = preSolution
		Debug|Any CPU = Debug|Any CPU
		Release|Any CPU = Release|Any CPU
	EndGlobalSection
	GlobalSection(ProjectConfigurationPlatforms) = postSolution
		{4216C4C4-40C3-48EC-BE36-09B90AC661C5}.Debug|Any CPU.ActiveCfg = Debug|Any CPU
		{4216C4C4-40C3-48EC-BE36-09B90AC661C5}.Debug|Any CPU.Build.0 = Debug|Any CPU
		{4216C4C4-40C3-48EC-BE36-09B90AC661C5}.Release|Any CPU.ActiveCfg = Release|Any CPU
		{4216C4C4-40C3-48EC-BE36-09B90AC661C5}.Release|Any CPU.Build.0 = Release|Any CPU
		{36A8F81A-33F9-4BC3-A5C1-40E9E123AC45}.Debug|Any CPU.ActiveCfg = Debug|Any CPU
		{36A8F81A-33F9-4BC3-A5C1-40E9E123AC45}.Debug|Any CPU.Build.0 = Debug|Any CPU
		{36A8F81A-33F9-4BC3-A5C1-40E9E123AC45}.Release|Any CPU.ActiveCfg = Release|Any CPU
		{36A8F81A-33F9-4BC3-A5C1-40E9E123AC45}.Release|Any CPU.Build.0 = Release|Any CPU
	EndGlobalSection
	GlobalSection(NestedProjects) = preSolution
		{36A8F81A-33F9-4BC3-A5C1-40E9E123AC45} = {E1D4D1C0-8E43-4060-98B1-1B3BD3845460}
	EndGlobalSection
EndGlobal
